
Microsoft Visual Studio Solution File, Format Version 12.00
# Visual Studio Version 17
VisualStudioVersion = 17.8.34330.188
MinimumVisualStudioVersion = 10.0.40219.1
Project("{FAE04EC0-301F-11D3-BF4B-00C04F79EFBC}") = "Calculadora", "Calculadora\Calculadora.csproj", "{873DEB90-4B6E-4AE4-9F78-B8AD46539253}"
EndProject
Global
	GlobalSection(SolutionConfigurationPlatforms) = preSolution
		Debug|Any CPU = Debug|Any CPU
		Release|Any CPU = Release|Any CPU
	EndGlobalSection
	GlobalSection(ProjectConfigurationPlatforms) = postSolution
		{873DEB90-4B6E-4AE4-9F78-B8AD46539253}.Debug|Any CPU.ActiveCfg = Debug|Any CPU
		{873DEB90-4B6E-4AE4-9F78-B8AD46539253}.Debug|Any CPU.Build.0 = Debug|Any CPU
		{873DEB90-4B6E-4AE4-9F78-B8AD46539253}.Release|Any CPU.ActiveCfg = Release|Any CPU
		{873DEB90-4B6E-4AE4-9F78-B8AD46539253}.Release|Any CPU.Build.0 = Release|Any CPU
	EndGlobalSection
	GlobalSection(SolutionProperties) = preSolution
		HideSolutionNode = FALSE
	EndGlobalSection
	GlobalSection(ExtensibilityGlobals) = postSolution
		SolutionGuid = {E161CA32-C944-44AC-8F98-50FE8CDF2DD8}
	EndGlobalSection
EndGlobal
